
Microsoft Visual Studio Solution File, Format Version 12.00
# Visual Studio Version 17
VisualStudioVersion = 17.5.002.0
MinimumVisualStudioVersion = 10.0.40219.1
Project("{9A19103F-16F7-4668-BE54-9A1E7A4F7556}") = "Backend-Core", "Backend-Core.csproj", "{45EFA15C-910B-4C7B-8E5E-63861F0B34C5}"
EndProject
Global
	GlobalSection(SolutionConfigurationPlatforms) = preSolution
		Debug|Any CPU = Debug|Any CPU
		Release|Any CPU = Release|Any CPU
	EndGlobalSection
	GlobalSection(ProjectConfigurationPlatforms) = postSolution
		{45EFA15C-910B-4C7B-8E5E-63861F0B34C5}.Debug|Any CPU.ActiveCfg = Debug|Any CPU
		{45EFA15C-910B-4C7B-8E5E-63861F0B34C5}.Debug|Any CPU.Build.0 = Debug|Any CPU
		{45EFA15C-910B-4C7B-8E5E-63861F0B34C5}.Release|Any CPU.ActiveCfg = Release|Any CPU
		{45EFA15C-910B-4C7B-8E5E-63861F0B34C5}.Release|Any CPU.Build.0 = Release|Any CPU
	EndGlobalSection
	GlobalSection(SolutionProperties) = preSolution
		HideSolutionNode = FALSE
	EndGlobalSection
	GlobalSection(ExtensibilityGlobals) = postSolution
		SolutionGuid = {50E829E7-BB14-4E61-B5B9-873B18950264}
	EndGlobalSection
EndGlobal
